
Microsoft Visual Studio Solution File, Format Version 12.00
# Visual Studio Version 17
VisualStudioVersion = 17.7.34221.43
MinimumVisualStudioVersion = 10.0.40219.1
Project("{9A19103F-16F7-4668-BE54-9A1E7A4F7556}") = "ScienceGram.API", "ScienceGram.API\ScienceGram.API.csproj", "{33009C0C-08E6-4D73-93BB-12E72DF74241}"
EndProject
Project("{FAE04EC0-301F-11D3-BF4B-00C04F79EFBC}") = "ScienceGram.Application", "ScienceGram.Application\ScienceGram.Application.csproj", "{59AA694F-CE97-4DB1-9326-E0446F6A7EE7}"
EndProject
Project("{2150E333-8FDC-42A3-9474-1A3956D46DE8}") = "src", "src", "{29BE2522-A2C6-429C-9B57-5F7B0943FB28}"
EndProject
Project("{FAE04EC0-301F-11D3-BF4B-00C04F79EFBC}") = "ScienceGram.Infrastructure", "ScienceGram.Infrastructure\ScienceGram.Infrastructure.csproj", "{8E107628-DCCF-4599-B7BF-F80E5BBAFED3}"
EndProject
Global
	GlobalSection(SolutionConfigurationPlatforms) = preSolution
		Debug|Any CPU = Debug|Any CPU
		Release|Any CPU = Release|Any CPU
	EndGlobalSection
	GlobalSection(ProjectConfigurationPlatforms) = postSolution
		{33009C0C-08E6-4D73-93BB-12E72DF74241}.Debug|Any CPU.ActiveCfg = Debug|Any CPU
		{33009C0C-08E6-4D73-93BB-12E72DF74241}.Debug|Any CPU.Build.0 = Debug|Any CPU
		{33009C0C-08E6-4D73-93BB-12E72DF74241}.Release|Any CPU.ActiveCfg = Release|Any CPU
		{33009C0C-08E6-4D73-93BB-12E72DF74241}.Release|Any CPU.Build.0 = Release|Any CPU
		{59AA694F-CE97-4DB1-9326-E0446F6A7EE7}.Debug|Any CPU.ActiveCfg = Debug|Any CPU
		{59AA694F-CE97-4DB1-9326-E0446F6A7EE7}.Debug|Any CPU.Build.0 = Debug|Any CPU
		{59AA694F-CE97-4DB1-9326-E0446F6A7EE7}.Release|Any CPU.ActiveCfg = Release|Any CPU
		{59AA694F-CE97-4DB1-9326-E0446F6A7EE7}.Release|Any CPU.Build.0 = Release|Any CPU
		{8E107628-DCCF-4599-B7BF-F80E5BBAFED3}.Debug|Any CPU.ActiveCfg = Debug|Any CPU
		{8E107628-DCCF-4599-B7BF-F80E5BBAFED3}.Debug|Any CPU.Build.0 = Debug|Any CPU
		{8E107628-DCCF-4599-B7BF-F80E5BBAFED3}.Release|Any CPU.ActiveCfg = Release|Any CPU
		{8E107628-DCCF-4599-B7BF-F80E5BBAFED3}.Release|Any CPU.Build.0 = Release|Any CPU
	EndGlobalSection
	GlobalSection(SolutionProperties) = preSolution
		HideSolutionNode = FALSE
	EndGlobalSection
	GlobalSection(NestedProjects) = preSolution
		{33009C0C-08E6-4D73-93BB-12E72DF74241} = {29BE2522-A2C6-429C-9B57-5F7B0943FB28}
		{59AA694F-CE97-4DB1-9326-E0446F6A7EE7} = {29BE2522-A2C6-429C-9B57-5F7B0943FB28}
		{8E107628-DCCF-4599-B7BF-F80E5BBAFED3} = {29BE2522-A2C6-429C-9B57-5F7B0943FB28}
	EndGlobalSection
	GlobalSection(ExtensibilityGlobals) = postSolution
		SolutionGuid = {19D6B99B-5C03-490E-BC93-DE435E5E0290}
	EndGlobalSection
EndGlobal
